
Microsoft Visual Studio Solution File, Format Version 12.00
# Visual Studio 15
VisualStudioVersion = 15.0.27428.2043
MinimumVisualStudioVersion = 10.0.40219.1
Project("{8BC9CEB8-8B4A-11D0-8D11-00A0C91BC942}") = "DirectX11Starter", "DirectX11Starter\DirectX11Starter.vcxproj", "{B71D453E-52A0-43BC-A610-AA0079FE1A16}"
EndProject
Global
	GlobalSection(SolutionConfigurationPlatforms) = preSolution
		Debug|x64 = Debug|x64
		Debug|x86 = Debug|x86
		Release|x64 = Release|x64
		Release|x86 = Release|x86
	EndGlobalSection
	GlobalSection(ProjectConfigurationPlatforms) = postSolution
		{B71D453E-52A0-43BC-A610-AA0079FE1A16}.Debug|x64.ActiveCfg = Debug|x64
		{B71D453E-52A0-43BC-A610-AA0079FE1A16}.Debug|x64.Build.0 = Debug|x64
		{B71D453E-52A0-43BC-A610-AA0079FE1A16}.Debug|x86.ActiveCfg = Debug|Win32
		{B71D453E-52A0-43BC-A610-AA0079FE1A16}.Debug|x86.Build.0 = Debug|Win32
		{B71D453E-52A0-43BC-A610-AA0079FE1A16}.Release|x64.ActiveCfg = Release|x64
		{B71D453E-52A0-43BC-A610-AA0079FE1A16}.Release|x64.Build.0 = Release|x64
		{B71D453E-52A0-43BC-A610-AA0079FE1A16}.Release|x86.ActiveCfg = Release|Win32
		{B71D453E-52A0-43BC-A610-AA0079FE1A16}.Release|x86.Build.0 = Release|Win32
	EndGlobalSection
	GlobalSection(SolutionProperties) = preSolution
		HideSolutionNode = FALSE
	EndGlobalSection
	GlobalSection(ExtensibilityGlobals) = postSolution
		SolutionGuid = {2E9F7C5E-B322-4BDD-BA02-3EB72C418D78}
	EndGlobalSection
EndGlobal
